
Microsoft Visual Studio Solution File, Format Version 12.00
# Visual Studio 15
VisualStudioVersion = 15.0.26124.0
MinimumVisualStudioVersion = 15.0.26124.0
Project("{FAE04EC0-301F-11D3-BF4B-00C04F79EFBC}") = "Core.Akka", "Core.Akka\Core.Akka.csproj", "{E1C0C22E-535B-4286-BC18-80DA98DC5BA1}"
EndProject
Project("{FAE04EC0-301F-11D3-BF4B-00C04F79EFBC}") = "Core.Application", "Core.Application\Core.Application.csproj", "{14A618F7-8D61-48BF-9C4D-14E9ABF830DF}"
EndProject
Project("{FAE04EC0-301F-11D3-BF4B-00C04F79EFBC}") = "Core.Application.Api", "Core.Application.Api\Core.Application.Api.csproj", "{470D8CA7-4C97-416C-A658-5309931F6F92}"
EndProject
Project("{FAE04EC0-301F-11D3-BF4B-00C04F79EFBC}") = "Core.Domain", "Core.Domain\Core.Domain.csproj", "{EDC21DDC-C76A-4390-910B-3B66EC5B0E22}"
EndProject
Project("{FAE04EC0-301F-11D3-BF4B-00C04F79EFBC}") = "Core.Infrastructure", "Core.Infrastructure\Core.Infrastructure.csproj", "{B04AD51C-F6A0-4FD7-AE40-2A5B25B65D6D}"
EndProject
Project("{FAE04EC0-301F-11D3-BF4B-00C04F79EFBC}") = "Core.Presentation", "Core.Presentation\Core.Presentation.csproj", "{00AC84DB-0392-4A4A-943B-33A607A7DFBC}"
EndProject
Project("{FAE04EC0-301F-11D3-BF4B-00C04F79EFBC}") = "JobFinder.Application", "JobFinder.Application\JobFinder.Application.csproj", "{18738343-CA02-4CDC-9F01-2AF24E762994}"
EndProject
Project("{FAE04EC0-301F-11D3-BF4B-00C04F79EFBC}") = "JobFinder.Application.Api", "JobFinder.Application.Api\JobFinder.Application.Api.csproj", "{C4ACB608-BC28-48EF-9278-AC38E268E750}"
EndProject
Project("{FAE04EC0-301F-11D3-BF4B-00C04F79EFBC}") = "JobFinder.Domain", "JobFinder.Domain\JobFinder.Domain.csproj", "{3F743693-FC08-40EC-915A-8B78072AFC56}"
EndProject
Project("{FAE04EC0-301F-11D3-BF4B-00C04F79EFBC}") = "JobFinder.Infrastructure", "JobFinder.Infrastructure\JobFinder.Infrastructure.csproj", "{0DFBB05D-59F7-4061-B89F-B0A7DDBBDB14}"
EndProject
Project("{FAE04EC0-301F-11D3-BF4B-00C04F79EFBC}") = "JobFinder.Presentation", "JobFinder.Presentation\JobFinder.Presentation.csproj", "{98B1F626-B164-46B0-BAFA-782FBE6E9424}"
EndProject
Project("{FAE04EC0-301F-11D3-BF4B-00C04F79EFBC}") = "JobFinder.WebApi", "JobFinder.WebApi\JobFinder.WebApi.csproj", "{66EBB195-A19B-4047-AD50-8357C72449C8}"
EndProject
Project("{FAE04EC0-301F-11D3-BF4B-00C04F79EFBC}") = "JobFinder.DbMigration", "..\JobFinder.DbMigration\JobFinder.DbMigration.csproj", "{FA04BA78-02E8-41D5-BE6F-667BF5780C53}"
EndProject
Global
	GlobalSection(SolutionConfigurationPlatforms) = preSolution
		Debug|Any CPU = Debug|Any CPU
		Debug|x64 = Debug|x64
		Debug|x86 = Debug|x86
		Release|Any CPU = Release|Any CPU
		Release|x64 = Release|x64
		Release|x86 = Release|x86
	EndGlobalSection
	GlobalSection(SolutionProperties) = preSolution
		HideSolutionNode = FALSE
	EndGlobalSection
	GlobalSection(ProjectConfigurationPlatforms) = postSolution
		{E1C0C22E-535B-4286-BC18-80DA98DC5BA1}.Debug|Any CPU.ActiveCfg = Debug|Any CPU
		{E1C0C22E-535B-4286-BC18-80DA98DC5BA1}.Debug|Any CPU.Build.0 = Debug|Any CPU
		{E1C0C22E-535B-4286-BC18-80DA98DC5BA1}.Debug|x64.ActiveCfg = Debug|x64
		{E1C0C22E-535B-4286-BC18-80DA98DC5BA1}.Debug|x64.Build.0 = Debug|x64
		{E1C0C22E-535B-4286-BC18-80DA98DC5BA1}.Debug|x86.ActiveCfg = Debug|x86
		{E1C0C22E-535B-4286-BC18-80DA98DC5BA1}.Debug|x86.Build.0 = Debug|x86
		{E1C0C22E-535B-4286-BC18-80DA98DC5BA1}.Release|Any CPU.ActiveCfg = Release|Any CPU
		{E1C0C22E-535B-4286-BC18-80DA98DC5BA1}.Release|Any CPU.Build.0 = Release|Any CPU
		{E1C0C22E-535B-4286-BC18-80DA98DC5BA1}.Release|x64.ActiveCfg = Release|x64
		{E1C0C22E-535B-4286-BC18-80DA98DC5BA1}.Release|x64.Build.0 = Release|x64
		{E1C0C22E-535B-4286-BC18-80DA98DC5BA1}.Release|x86.ActiveCfg = Release|x86
		{E1C0C22E-535B-4286-BC18-80DA98DC5BA1}.Release|x86.Build.0 = Release|x86
		{14A618F7-8D61-48BF-9C4D-14E9ABF830DF}.Debug|Any CPU.ActiveCfg = Debug|Any CPU
		{14A618F7-8D61-48BF-9C4D-14E9ABF830DF}.Debug|Any CPU.Build.0 = Debug|Any CPU
		{14A618F7-8D61-48BF-9C4D-14E9ABF830DF}.Debug|x64.ActiveCfg = Debug|x64
		{14A618F7-8D61-48BF-9C4D-14E9ABF830DF}.Debug|x64.Build.0 = Debug|x64
		{14A618F7-8D61-48BF-9C4D-14E9ABF830DF}.Debug|x86.ActiveCfg = Debug|x86
		{14A618F7-8D61-48BF-9C4D-14E9ABF830DF}.Debug|x86.Build.0 = Debug|x86
		{14A618F7-8D61-48BF-9C4D-14E9ABF830DF}.Release|Any CPU.ActiveCfg = Release|Any CPU
		{14A618F7-8D61-48BF-9C4D-14E9ABF830DF}.Release|Any CPU.Build.0 = Release|Any CPU
		{14A618F7-8D61-48BF-9C4D-14E9ABF830DF}.Release|x64.ActiveCfg = Release|x64
		{14A618F7-8D61-48BF-9C4D-14E9ABF830DF}.Release|x64.Build.0 = Release|x64
		{14A618F7-8D61-48BF-9C4D-14E9ABF830DF}.Release|x86.ActiveCfg = Release|x86
		{14A618F7-8D61-48BF-9C4D-14E9ABF830DF}.Release|x86.Build.0 = Release|x86
		{470D8CA7-4C97-416C-A658-5309931F6F92}.Debug|Any CPU.ActiveCfg = Debug|Any CPU
		{470D8CA7-4C97-416C-A658-5309931F6F92}.Debug|Any CPU.Build.0 = Debug|Any CPU
		{470D8CA7-4C97-416C-A658-5309931F6F92}.Debug|x64.ActiveCfg = Debug|x64
		{470D8CA7-4C97-416C-A658-5309931F6F92}.Debug|x64.Build.0 = Debug|x64
		{470D8CA7-4C97-416C-A658-5309931F6F92}.Debug|x86.ActiveCfg = Debug|x86
		{470D8CA7-4C97-416C-A658-5309931F6F92}.Debug|x86.Build.0 = Debug|x86
		{470D8CA7-4C97-416C-A658-5309931F6F92}.Release|Any CPU.ActiveCfg = Release|Any CPU
		{470D8CA7-4C97-416C-A658-5309931F6F92}.Release|Any CPU.Build.0 = Release|Any CPU
		{470D8CA7-4C97-416C-A658-5309931F6F92}.Release|x64.ActiveCfg = Release|x64
		{470D8CA7-4C97-416C-A658-5309931F6F92}.Release|x64.Build.0 = Release|x64
		{470D8CA7-4C97-416C-A658-5309931F6F92}.Release|x86.ActiveCfg = Release|x86
		{470D8CA7-4C97-416C-A658-5309931F6F92}.Release|x86.Build.0 = Release|x86
		{EDC21DDC-C76A-4390-910B-3B66EC5B0E22}.Debug|Any CPU.ActiveCfg = Debug|Any CPU
		{EDC21DDC-C76A-4390-910B-3B66EC5B0E22}.Debug|Any CPU.Build.0 = Debug|Any CPU
		{EDC21DDC-C76A-4390-910B-3B66EC5B0E22}.Debug|x64.ActiveCfg = Debug|x64
		{EDC21DDC-C76A-4390-910B-3B66EC5B0E22}.Debug|x64.Build.0 = Debug|x64
		{EDC21DDC-C76A-4390-910B-3B66EC5B0E22}.Debug|x86.ActiveCfg = Debug|x86
		{EDC21DDC-C76A-4390-910B-3B66EC5B0E22}.Debug|x86.Build.0 = Debug|x86
		{EDC21DDC-C76A-4390-910B-3B66EC5B0E22}.Release|Any CPU.ActiveCfg = Release|Any CPU
		{EDC21DDC-C76A-4390-910B-3B66EC5B0E22}.Release|Any CPU.Build.0 = Release|Any CPU
		{EDC21DDC-C76A-4390-910B-3B66EC5B0E22}.Release|x64.ActiveCfg = Release|x64
		{EDC21DDC-C76A-4390-910B-3B66EC5B0E22}.Release|x64.Build.0 = Release|x64
		{EDC21DDC-C76A-4390-910B-3B66EC5B0E22}.Release|x86.ActiveCfg = Release|x86
		{EDC21DDC-C76A-4390-910B-3B66EC5B0E22}.Release|x86.Build.0 = Release|x86
		{B04AD51C-F6A0-4FD7-AE40-2A5B25B65D6D}.Debug|Any CPU.ActiveCfg = Debug|Any CPU
		{B04AD51C-F6A0-4FD7-AE40-2A5B25B65D6D}.Debug|Any CPU.Build.0 = Debug|Any CPU
		{B04AD51C-F6A0-4FD7-AE40-2A5B25B65D6D}.Debug|x64.ActiveCfg = Debug|x64
		{B04AD51C-F6A0-4FD7-AE40-2A5B25B65D6D}.Debug|x64.Build.0 = Debug|x64
		{B04AD51C-F6A0-4FD7-AE40-2A5B25B65D6D}.Debug|x86.ActiveCfg = Debug|x86
		{B04AD51C-F6A0-4FD7-AE40-2A5B25B65D6D}.Debug|x86.Build.0 = Debug|x86
		{B04AD51C-F6A0-4FD7-AE40-2A5B25B65D6D}.Release|Any CPU.ActiveCfg = Release|Any CPU
		{B04AD51C-F6A0-4FD7-AE40-2A5B25B65D6D}.Release|Any CPU.Build.0 = Release|Any CPU
		{B04AD51C-F6A0-4FD7-AE40-2A5B25B65D6D}.Release|x64.ActiveCfg = Release|x64
		{B04AD51C-F6A0-4FD7-AE40-2A5B25B65D6D}.Release|x64.Build.0 = Release|x64
		{B04AD51C-F6A0-4FD7-AE40-2A5B25B65D6D}.Release|x86.ActiveCfg = Release|x86
		{B04AD51C-F6A0-4FD7-AE40-2A5B25B65D6D}.Release|x86.Build.0 = Release|x86
		{00AC84DB-0392-4A4A-943B-33A607A7DFBC}.Debug|Any CPU.ActiveCfg = Debug|Any CPU
		{00AC84DB-0392-4A4A-943B-33A607A7DFBC}.Debug|Any CPU.Build.0 = Debug|Any CPU
		{00AC84DB-0392-4A4A-943B-33A607A7DFBC}.Debug|x64.ActiveCfg = Debug|x64
		{00AC84DB-0392-4A4A-943B-33A607A7DFBC}.Debug|x64.Build.0 = Debug|x64
		{00AC84DB-0392-4A4A-943B-33A607A7DFBC}.Debug|x86.ActiveCfg = Debug|x86
		{00AC84DB-0392-4A4A-943B-33A607A7DFBC}.Debug|x86.Build.0 = Debug|x86
		{00AC84DB-0392-4A4A-943B-33A607A7DFBC}.Release|Any CPU.ActiveCfg = Release|Any CPU
		{00AC84DB-0392-4A4A-943B-33A607A7DFBC}.Release|Any CPU.Build.0 = Release|Any CPU
		{00AC84DB-0392-4A4A-943B-33A607A7DFBC}.Release|x64.ActiveCfg = Release|x64
		{00AC84DB-0392-4A4A-943B-33A607A7DFBC}.Release|x64.Build.0 = Release|x64
		{00AC84DB-0392-4A4A-943B-33A607A7DFBC}.Release|x86.ActiveCfg = Release|x86
		{00AC84DB-0392-4A4A-943B-33A607A7DFBC}.Release|x86.Build.0 = Release|x86
		{18738343-CA02-4CDC-9F01-2AF24E762994}.Debug|Any CPU.ActiveCfg = Debug|Any CPU
		{18738343-CA02-4CDC-9F01-2AF24E762994}.Debug|Any CPU.Build.0 = Debug|Any CPU
		{18738343-CA02-4CDC-9F01-2AF24E762994}.Debug|x64.ActiveCfg = Debug|x64
		{18738343-CA02-4CDC-9F01-2AF24E762994}.Debug|x64.Build.0 = Debug|x64
		{18738343-CA02-4CDC-9F01-2AF24E762994}.Debug|x86.ActiveCfg = Debug|x86
		{18738343-CA02-4CDC-9F01-2AF24E762994}.Debug|x86.Build.0 = Debug|x86
		{18738343-CA02-4CDC-9F01-2AF24E762994}.Release|Any CPU.ActiveCfg = Release|Any CPU
		{18738343-CA02-4CDC-9F01-2AF24E762994}.Release|Any CPU.Build.0 = Release|Any CPU
		{18738343-CA02-4CDC-9F01-2AF24E762994}.Release|x64.ActiveCfg = Release|x64
		{18738343-CA02-4CDC-9F01-2AF24E762994}.Release|x64.Build.0 = Release|x64
		{18738343-CA02-4CDC-9F01-2AF24E762994}.Release|x86.ActiveCfg = Release|x86
		{18738343-CA02-4CDC-9F01-2AF24E762994}.Release|x86.Build.0 = Release|x86
		{C4ACB608-BC28-48EF-9278-AC38E268E750}.Debug|Any CPU.ActiveCfg = Debug|Any CPU
		{C4ACB608-BC28-48EF-9278-AC38E268E750}.Debug|Any CPU.Build.0 = Debug|Any CPU
		{C4ACB608-BC28-48EF-9278-AC38E268E750}.Debug|x64.ActiveCfg = Debug|x64
		{C4ACB608-BC28-48EF-9278-AC38E268E750}.Debug|x64.Build.0 = Debug|x64
		{C4ACB608-BC28-48EF-9278-AC38E268E750}.Debug|x86.ActiveCfg = Debug|x86
		{C4ACB608-BC28-48EF-9278-AC38E268E750}.Debug|x86.Build.0 = Debug|x86
		{C4ACB608-BC28-48EF-9278-AC38E268E750}.Release|Any CPU.ActiveCfg = Release|Any CPU
		{C4ACB608-BC28-48EF-9278-AC38E268E750}.Release|Any CPU.Build.0 = Release|Any CPU
		{C4ACB608-BC28-48EF-9278-AC38E268E750}.Release|x64.ActiveCfg = Release|x64
		{C4ACB608-BC28-48EF-9278-AC38E268E750}.Release|x64.Build.0 = Release|x64
		{C4ACB608-BC28-48EF-9278-AC38E268E750}.Release|x86.ActiveCfg = Release|x86
		{C4ACB608-BC28-48EF-9278-AC38E268E750}.Release|x86.Build.0 = Release|x86
		{3F743693-FC08-40EC-915A-8B78072AFC56}.Debug|Any CPU.ActiveCfg = Debug|Any CPU
		{3F743693-FC08-40EC-915A-8B78072AFC56}.Debug|Any CPU.Build.0 = Debug|Any CPU
		{3F743693-FC08-40EC-915A-8B78072AFC56}.Debug|x64.ActiveCfg = Debug|x64
		{3F743693-FC08-40EC-915A-8B78072AFC56}.Debug|x64.Build.0 = Debug|x64
		{3F743693-FC08-40EC-915A-8B78072AFC56}.Debug|x86.ActiveCfg = Debug|x86
		{3F743693-FC08-40EC-915A-8B78072AFC56}.Debug|x86.Build.0 = Debug|x86
		{3F743693-FC08-40EC-915A-8B78072AFC56}.Release|Any CPU.ActiveCfg = Release|Any CPU
		{3F743693-FC08-40EC-915A-8B78072AFC56}.Release|Any CPU.Build.0 = Release|Any CPU
		{3F743693-FC08-40EC-915A-8B78072AFC56}.Release|x64.ActiveCfg = Release|x64
		{3F743693-FC08-40EC-915A-8B78072AFC56}.Release|x64.Build.0 = Release|x64
		{3F743693-FC08-40EC-915A-8B78072AFC56}.Release|x86.ActiveCfg = Release|x86
		{3F743693-FC08-40EC-915A-8B78072AFC56}.Release|x86.Build.0 = Release|x86
		{0DFBB05D-59F7-4061-B89F-B0A7DDBBDB14}.Debug|Any CPU.ActiveCfg = Debug|Any CPU
		{0DFBB05D-59F7-4061-B89F-B0A7DDBBDB14}.Debug|Any CPU.Build.0 = Debug|Any CPU
		{0DFBB05D-59F7-4061-B89F-B0A7DDBBDB14}.Debug|x64.ActiveCfg = Debug|x64
		{0DFBB05D-59F7-4061-B89F-B0A7DDBBDB14}.Debug|x64.Build.0 = Debug|x64
		{0DFBB05D-59F7-4061-B89F-B0A7DDBBDB14}.Debug|x86.ActiveCfg = Debug|x86
		{0DFBB05D-59F7-4061-B89F-B0A7DDBBDB14}.Debug|x86.Build.0 = Debug|x86
		{0DFBB05D-59F7-4061-B89F-B0A7DDBBDB14}.Release|Any CPU.ActiveCfg = Release|Any CPU
		{0DFBB05D-59F7-4061-B89F-B0A7DDBBDB14}.Release|Any CPU.Build.0 = Release|Any CPU
		{0DFBB05D-59F7-4061-B89F-B0A7DDBBDB14}.Release|x64.ActiveCfg = Release|x64
		{0DFBB05D-59F7-4061-B89F-B0A7DDBBDB14}.Release|x64.Build.0 = Release|x64
		{0DFBB05D-59F7-4061-B89F-B0A7DDBBDB14}.Release|x86.ActiveCfg = Release|x86
		{0DFBB05D-59F7-4061-B89F-B0A7DDBBDB14}.Release|x86.Build.0 = Release|x86
		{98B1F626-B164-46B0-BAFA-782FBE6E9424}.Debug|Any CPU.ActiveCfg = Debug|Any CPU
		{98B1F626-B164-46B0-BAFA-782FBE6E9424}.Debug|Any CPU.Build.0 = Debug|Any CPU
		{98B1F626-B164-46B0-BAFA-782FBE6E9424}.Debug|x64.ActiveCfg = Debug|x64
		{98B1F626-B164-46B0-BAFA-782FBE6E9424}.Debug|x64.Build.0 = Debug|x64
		{98B1F626-B164-46B0-BAFA-782FBE6E9424}.Debug|x86.ActiveCfg = Debug|x86
		{98B1F626-B164-46B0-BAFA-782FBE6E9424}.Debug|x86.Build.0 = Debug|x86
		{98B1F626-B164-46B0-BAFA-782FBE6E9424}.Release|Any CPU.ActiveCfg = Release|Any CPU
		{98B1F626-B164-46B0-BAFA-782FBE6E9424}.Release|Any CPU.Build.0 = Release|Any CPU
		{98B1F626-B164-46B0-BAFA-782FBE6E9424}.Release|x64.ActiveCfg = Release|x64
		{98B1F626-B164-46B0-BAFA-782FBE6E9424}.Release|x64.Build.0 = Release|x64
		{98B1F626-B164-46B0-BAFA-782FBE6E9424}.Release|x86.ActiveCfg = Release|x86
		{98B1F626-B164-46B0-BAFA-782FBE6E9424}.Release|x86.Build.0 = Release|x86
		{66EBB195-A19B-4047-AD50-8357C72449C8}.Debug|Any CPU.ActiveCfg = Debug|Any CPU
		{66EBB195-A19B-4047-AD50-8357C72449C8}.Debug|Any CPU.Build.0 = Debug|Any CPU
		{66EBB195-A19B-4047-AD50-8357C72449C8}.Debug|x64.ActiveCfg = Debug|x64
		{66EBB195-A19B-4047-AD50-8357C72449C8}.Debug|x64.Build.0 = Debug|x64
		{66EBB195-A19B-4047-AD50-8357C72449C8}.Debug|x86.ActiveCfg = Debug|x86
		{66EBB195-A19B-4047-AD50-8357C72449C8}.Debug|x86.Build.0 = Debug|x86
		{66EBB195-A19B-4047-AD50-8357C72449C8}.Release|Any CPU.ActiveCfg = Release|Any CPU
		{66EBB195-A19B-4047-AD50-8357C72449C8}.Release|Any CPU.Build.0 = Release|Any CPU
		{66EBB195-A19B-4047-AD50-8357C72449C8}.Release|x64.ActiveCfg = Release|x64
		{66EBB195-A19B-4047-AD50-8357C72449C8}.Release|x64.Build.0 = Release|x64
		{66EBB195-A19B-4047-AD50-8357C72449C8}.Release|x86.ActiveCfg = Release|x86
		{66EBB195-A19B-4047-AD50-8357C72449C8}.Release|x86.Build.0 = Release|x86
		{FA04BA78-02E8-41D5-BE6F-667BF5780C53}.Debug|Any CPU.ActiveCfg = Debug|Any CPU
		{FA04BA78-02E8-41D5-BE6F-667BF5780C53}.Debug|Any CPU.Build.0 = Debug|Any CPU
		{FA04BA78-02E8-41D5-BE6F-667BF5780C53}.Debug|x64.ActiveCfg = Debug|x64
		{FA04BA78-02E8-41D5-BE6F-667BF5780C53}.Debug|x64.Build.0 = Debug|x64
		{FA04BA78-02E8-41D5-BE6F-667BF5780C53}.Debug|x86.ActiveCfg = Debug|x86
		{FA04BA78-02E8-41D5-BE6F-667BF5780C53}.Debug|x86.Build.0 = Debug|x86
		{FA04BA78-02E8-41D5-BE6F-667BF5780C53}.Release|Any CPU.ActiveCfg = Release|Any CPU
		{FA04BA78-02E8-41D5-BE6F-667BF5780C53}.Release|Any CPU.Build.0 = Release|Any CPU
		{FA04BA78-02E8-41D5-BE6F-667BF5780C53}.Release|x64.ActiveCfg = Release|x64
		{FA04BA78-02E8-41D5-BE6F-667BF5780C53}.Release|x64.Build.0 = Release|x64
		{FA04BA78-02E8-41D5-BE6F-667BF5780C53}.Release|x86.ActiveCfg = Release|x86
		{FA04BA78-02E8-41D5-BE6F-667BF5780C53}.Release|x86.Build.0 = Release|x86
	EndGlobalSection
EndGlobal
